
Microsoft Visual Studio Solution File, Format Version 12.00
# Visual Studio Version 16
VisualStudioVersion = 16.0.31702.278
MinimumVisualStudioVersion = 10.0.40219.1
Project("{8BC9CEB8-8B4A-11D0-8D11-00A0C91BC942}") = "RateLimiter", "RateLimiter.vcxproj", "{16E3CFCF-92E5-42CC-92E6-26870514EE91}"
EndProject
Global
	GlobalSection(SolutionConfigurationPlatforms) = preSolution
		Debug|x64 = Debug|x64
		Debug|x86 = Debug|x86
		Release|x64 = Release|x64
		Release|x86 = Release|x86
	EndGlobalSection
	GlobalSection(ProjectConfigurationPlatforms) = postSolution
		{16E3CFCF-92E5-42CC-92E6-26870514EE91}.Debug|x64.ActiveCfg = Debug|x64
		{16E3CFCF-92E5-42CC-92E6-26870514EE91}.Debug|x64.Build.0 = Debug|x64
		{16E3CFCF-92E5-42CC-92E6-26870514EE91}.Debug|x86.ActiveCfg = Debug|Win32
		{16E3CFCF-92E5-42CC-92E6-26870514EE91}.Debug|x86.Build.0 = Debug|Win32
		{16E3CFCF-92E5-42CC-92E6-26870514EE91}.Release|x64.ActiveCfg = Release|x64
		{16E3CFCF-92E5-42CC-92E6-26870514EE91}.Release|x64.Build.0 = Release|x64
		{16E3CFCF-92E5-42CC-92E6-26870514EE91}.Release|x86.ActiveCfg = Release|Win32
		{16E3CFCF-92E5-42CC-92E6-26870514EE91}.Release|x86.Build.0 = Release|Win32
	EndGlobalSection
	GlobalSection(SolutionProperties) = preSolution
		HideSolutionNode = FALSE
	EndGlobalSection
	GlobalSection(ExtensibilityGlobals) = postSolution
		SolutionGuid = {065976DA-D4C4-4674-B8EA-6ECAC06E1C59}
	EndGlobalSection
EndGlobal
